// !$*UTF8*$!
{
	archiveVersion = 1;
	classes = {
	};
	objectVersion = 46;
	objects = {

/* Begin PBXBuildFile section */
		341580111ED49980008B0009 /* PokemonTableViewControllerUgly.swift in Sources */ = {isa = PBXBuildFile; fileRef = 341580101ED49980008B0009 /* PokemonTableViewControllerUgly.swift */; };
		341580131ED4A451008B0009 /* PokemonDetailsViewController.swift in Sources */ = {isa = PBXBuildFile; fileRef = 341580121ED4A451008B0009 /* PokemonDetailsViewController.swift */; };
		341580151ED4B338008B0009 /* MyPokemonsViewController.swift in Sources */ = {isa = PBXBuildFile; fileRef = 341580141ED4B338008B0009 /* MyPokemonsViewController.swift */; };
		341580171ED4BE49008B0009 /* LoginViewController.swift in Sources */ = {isa = PBXBuildFile; fileRef = 341580161ED4BE49008B0009 /* LoginViewController.swift */; };
		344AC32D1ECE1D7F005BCE2A /* PokemonDataSource.swift in Sources */ = {isa = PBXBuildFile; fileRef = 344AC32C1ECE1D7F005BCE2A /* PokemonDataSource.swift */; };
		34A1970E1ECA0D8500E37D21 /* AppDelegate.swift in Sources */ = {isa = PBXBuildFile; fileRef = 34A1970D1ECA0D8500E37D21 /* AppDelegate.swift */; };
		34A197131ECA0D8500E37D21 /* Main.storyboard in Resources */ = {isa = PBXBuildFile; fileRef = 34A197111ECA0D8500E37D21 /* Main.storyboard */; };
		34A197151ECA0D8500E37D21 /* Assets.xcassets in Resources */ = {isa = PBXBuildFile; fileRef = 34A197141ECA0D8500E37D21 /* Assets.xcassets */; };
		34A197181ECA0D8500E37D21 /* LaunchScreen.storyboard in Resources */ = {isa = PBXBuildFile; fileRef = 34A197161ECA0D8500E37D21 /* LaunchScreen.storyboard */; };
		34A197201ECA0E8C00E37D21 /* PokemonsTableViewController.swift in Sources */ = {isa = PBXBuildFile; fileRef = 34A1971F1ECA0E8C00E37D21 /* PokemonsTableViewController.swift */; };
		34A197231ECA1F9E00E37D21 /* Webservice.swift in Sources */ = {isa = PBXBuildFile; fileRef = 34A197221ECA1F9E00E37D21 /* Webservice.swift */; };
		34A197251ECA2C6A00E37D21 /* Pokemon.swift in Sources */ = {isa = PBXBuildFile; fileRef = 34A197241ECA2C6A00E37D21 /* Pokemon.swift */; };
		34A197271ECA5AE900E37D21 /* TableDataSource.swift in Sources */ = {isa = PBXBuildFile; fileRef = 34A197261ECA5AE900E37D21 /* TableDataSource.swift */; };
		34DB3A5C1ED37A0B003C9526 /* SegueHandler.swift in Sources */ = {isa = PBXBuildFile; fileRef = 34DB3A5B1ED37A0B003C9526 /* SegueHandler.swift */; };
		34E796141ED3D56E0072B915 /* EmptyView.swift in Sources */ = {isa = PBXBuildFile; fileRef = 34E796131ED3D56E0072B915 /* EmptyView.swift */; };
		34E796161ED3D9880072B915 /* ContainerViewController.swift in Sources */ = {isa = PBXBuildFile; fileRef = 34E796151ED3D9880072B915 /* ContainerViewController.swift */; };
		34E796181ED3E5C80072B915 /* EmptyViewController.swift in Sources */ = {isa = PBXBuildFile; fileRef = 34E796171ED3E5C80072B915 /* EmptyViewController.swift */; };
/* End PBXBuildFile section */

/* Begin PBXFileReference section */
		341580101ED49980008B0009 /* PokemonTableViewControllerUgly.swift */ = {isa = PBXFileReference; fileEncoding = 4; lastKnownFileType = sourcecode.swift; path = PokemonTableViewControllerUgly.swift; sourceTree = "<group>"; };
		341580121ED4A451008B0009 /* PokemonDetailsViewController.swift */ = {isa = PBXFileReference; fileEncoding = 4; lastKnownFileType = sourcecode.swift; path = PokemonDetailsViewController.swift; sourceTree = "<group>"; };
		341580141ED4B338008B0009 /* MyPokemonsViewController.swift */ = {isa = PBXFileReference; fileEncoding = 4; lastKnownFileType = sourcecode.swift; path = MyPokemonsViewController.swift; sourceTree = "<group>"; };
		341580161ED4BE49008B0009 /* LoginViewController.swift */ = {isa = PBXFileReference; fileEncoding = 4; lastKnownFileType = sourcecode.swift; path = LoginViewController.swift; sourceTree = "<group>"; };
		344AC32C1ECE1D7F005BCE2A /* PokemonDataSource.swift */ = {isa = PBXFileReference; fileEncoding = 4; lastKnownFileType = sourcecode.swift; path = PokemonDataSource.swift; sourceTree = "<group>"; };
		34A1970A1ECA0D8500E37D21 /* LeanPokemons.app */ = {isa = PBXFileReference; explicitFileType = wrapper.application; includeInIndex = 0; path = LeanPokemons.app; sourceTree = BUILT_PRODUCTS_DIR; };
		34A1970D1ECA0D8500E37D21 /* AppDelegate.swift */ = {isa = PBXFileReference; lastKnownFileType = sourcecode.swift; path = AppDelegate.swift; sourceTree = "<group>"; };
		34A197121ECA0D8500E37D21 /* Base */ = {isa = PBXFileReference; lastKnownFileType = file.storyboard; name = Base; path = Base.lproj/Main.storyboard; sourceTree = "<group>"; };
		34A197141ECA0D8500E37D21 /* Assets.xcassets */ = {isa = PBXFileReference; lastKnownFileType = folder.assetcatalog; path = Assets.xcassets; sourceTree = "<group>"; };
		34A197171ECA0D8500E37D21 /* Base */ = {isa = PBXFileReference; lastKnownFileType = file.storyboard; name = Base; path = Base.lproj/LaunchScreen.storyboard; sourceTree = "<group>"; };
		34A197191ECA0D8500E37D21 /* Info.plist */ = {isa = PBXFileReference; lastKnownFileType = text.plist.xml; path = Info.plist; sourceTree = "<group>"; };
		34A1971F1ECA0E8C00E37D21 /* PokemonsTableViewController.swift */ = {isa = PBXFileReference; fileEncoding = 4; lastKnownFileType = sourcecode.swift; path = PokemonsTableViewController.swift; sourceTree = "<group>"; };
		34A197211ECA194800E37D21 /* MyPlayground.playground */ = {isa = PBXFileReference; lastKnownFileType = file.playground; path = MyPlayground.playground; sourceTree = "<group>"; };
		34A197221ECA1F9E00E37D21 /* Webservice.swift */ = {isa = PBXFileReference; fileEncoding = 4; lastKnownFileType = sourcecode.swift; path = Webservice.swift; sourceTree = "<group>"; };
		34A197241ECA2C6A00E37D21 /* Pokemon.swift */ = {isa = PBXFileReference; fileEncoding = 4; lastKnownFileType = sourcecode.swift; path = Pokemon.swift; sourceTree = "<group>"; };
		34A197261ECA5AE900E37D21 /* TableDataSource.swift */ = {isa = PBXFileReference; fileEncoding = 4; lastKnownFileType = sourcecode.swift; path = TableDataSource.swift; sourceTree = "<group>"; };
		34DB3A5B1ED37A0B003C9526 /* SegueHandler.swift */ = {isa = PBXFileReference; fileEncoding = 4; lastKnownFileType = sourcecode.swift; path = SegueHandler.swift; sourceTree = "<group>"; };
		34E796131ED3D56E0072B915 /* EmptyView.swift */ = {isa = PBXFileReference; fileEncoding = 4; lastKnownFileType = sourcecode.swift; path = EmptyView.swift; sourceTree = "<group>"; };
		34E796151ED3D9880072B915 /* ContainerViewController.swift */ = {isa = PBXFileReference; fileEncoding = 4; lastKnownFileType = sourcecode.swift; path = ContainerViewController.swift; sourceTree = "<group>"; };
		34E796171ED3E5C80072B915 /* EmptyViewController.swift */ = {isa = PBXFileReference; fileEncoding = 4; lastKnownFileType = sourcecode.swift; path = EmptyViewController.swift; sourceTree = "<group>"; };
/* End PBXFileReference section */

/* Begin PBXFrameworksBuildPhase section */
		34A197071ECA0D8400E37D21 /* Frameworks */ = {
			isa = PBXFrameworksBuildPhase;
			buildActionMask = 2147483647;
			files = (
			);
			runOnlyForDeploymentPostprocessing = 0;
		};
/* End PBXFrameworksBuildPhase section */

/* Begin PBXGroup section */
		34A197011ECA0D8400E37D21 = {
			isa = PBXGroup;
			children = (
				34A1970C1ECA0D8500E37D21 /* LeanPokemons */,
				34A1970B1ECA0D8500E37D21 /* Products */,
			);
			sourceTree = "<group>";
		};
		34A1970B1ECA0D8500E37D21 /* Products */ = {
			isa = PBXGroup;
			children = (
				34A1970A1ECA0D8500E37D21 /* LeanPokemons.app */,
			);
			name = Products;
			sourceTree = "<group>";
		};
		34A1970C1ECA0D8500E37D21 /* LeanPokemons */ = {
			isa = PBXGroup;
			children = (
				34A1970D1ECA0D8500E37D21 /* AppDelegate.swift */,
				34A197111ECA0D8500E37D21 /* Main.storyboard */,
				34A197141ECA0D8500E37D21 /* Assets.xcassets */,
				34A197161ECA0D8500E37D21 /* LaunchScreen.storyboard */,
				34A197191ECA0D8500E37D21 /* Info.plist */,
				34A1971F1ECA0E8C00E37D21 /* PokemonsTableViewController.swift */,
				34A197211ECA194800E37D21 /* MyPlayground.playground */,
				34A197221ECA1F9E00E37D21 /* Webservice.swift */,
				34A197241ECA2C6A00E37D21 /* Pokemon.swift */,
				34A197261ECA5AE900E37D21 /* TableDataSource.swift */,
				344AC32C1ECE1D7F005BCE2A /* PokemonDataSource.swift */,
				34DB3A5B1ED37A0B003C9526 /* SegueHandler.swift */,
				34E796131ED3D56E0072B915 /* EmptyView.swift */,
				34E796151ED3D9880072B915 /* ContainerViewController.swift */,
				34E796171ED3E5C80072B915 /* EmptyViewController.swift */,
				341580101ED49980008B0009 /* PokemonTableViewControllerUgly.swift */,
				341580121ED4A451008B0009 /* PokemonDetailsViewController.swift */,
				341580141ED4B338008B0009 /* MyPokemonsViewController.swift */,
				341580161ED4BE49008B0009 /* LoginViewController.swift */,
			);
			path = LeanPokemons;
			sourceTree = "<group>";
		};
/* End PBXGroup section */

/* Begin PBXNativeTarget section */
		34A197091ECA0D8400E37D21 /* LeanPokemons */ = {
			isa = PBXNativeTarget;
			buildConfigurationList = 34A1971C1ECA0D8500E37D21 /* Build configuration list for PBXNativeTarget "LeanPokemons" */;
			buildPhases = (
				34A197061ECA0D8400E37D21 /* Sources */,
				34A197071ECA0D8400E37D21 /* Frameworks */,
				34A197081ECA0D8400E37D21 /* Resources */,
			);
			buildRules = (
			);
			dependencies = (
			);
			name = LeanPokemons;
			productName = LeanPokemons;
			productReference = 34A1970A1ECA0D8500E37D21 /* LeanPokemons.app */;
			productType = "com.apple.product-type.application";
		};
/* End PBXNativeTarget section */

/* Begin PBXProject section */
		34A197021ECA0D8400E37D21 /* Project object */ = {
			isa = PBXProject;
			attributes = {
				LastSwiftUpdateCheck = 0820;
				LastUpgradeCheck = 0820;
				ORGANIZATIONNAME = "Mohammad Azam";
				TargetAttributes = {
					34A197091ECA0D8400E37D21 = {
						CreatedOnToolsVersion = 8.2;
						DevelopmentTeam = B2Q8EGNCQA;
						ProvisioningStyle = Automatic;
					};
				};
			};
			buildConfigurationList = 34A197051ECA0D8400E37D21 /* Build configuration list for PBXProject "LeanPokemons" */;
			compatibilityVersion = "Xcode 3.2";
			developmentRegion = English;
			hasScannedForEncodings = 0;
			knownRegions = (
				en,
				Base,
			);
			mainGroup = 34A197011ECA0D8400E37D21;
			productRefGroup = 34A1970B1ECA0D8500E37D21 /* Products */;
			projectDirPath = "";
			projectRoot = "";
			targets = (
				34A197091ECA0D8400E37D21 /* LeanPokemons */,
			);
		};
/* End PBXProject section */

/* Begin PBXResourcesBuildPhase section */
		34A197081ECA0D8400E37D21 /* Resources */ = {
			isa = PBXResourcesBuildPhase;
			buildActionMask = 2147483647;
			files = (
				34A197181ECA0D8500E37D21 /* LaunchScreen.storyboard in Resources */,
				34A197151ECA0D8500E37D21 /* Assets.xcassets in Resources */,
				34A197131ECA0D8500E37D21 /* Main.storyboard in Resources */,
			);
			runOnlyForDeploymentPostprocessing = 0;
		};
/* End PBXResourcesBuildPhase section */

/* Begin PBXSourcesBuildPhase section */
		34A197061ECA0D8400E37D21 /* Sources */ = {
			isa = PBXSourcesBuildPhase;
			buildActionMask = 2147483647;
			files = (
				341580171ED4BE49008B0009 /* LoginViewController.swift in Sources */,
				34A197201ECA0E8C00E37D21 /* PokemonsTableViewController.swift in Sources */,
				341580111ED49980008B0009 /* PokemonTableViewControllerUgly.swift in Sources */,
				34A197251ECA2C6A00E37D21 /* Pokemon.swift in Sources */,
				34E796181ED3E5C80072B915 /* EmptyViewController.swift in Sources */,
				34A197271ECA5AE900E37D21 /* TableDataSource.swift in Sources */,
				34DB3A5C1ED37A0B003C9526 /* SegueHandler.swift in Sources */,
				34E796141ED3D56E0072B915 /* EmptyView.swift in Sources */,
				34A1970E1ECA0D8500E37D21 /* AppDelegate.swift in Sources */,
				344AC32D1ECE1D7F005BCE2A /* PokemonDataSource.swift in Sources */,
				34E796161ED3D9880072B915 /* ContainerViewController.swift in Sources */,
				34A197231ECA1F9E00E37D21 /* Webservice.swift in Sources */,
				341580151ED4B338008B0009 /* MyPokemonsViewController.swift in Sources */,
				341580131ED4A451008B0009 /* PokemonDetailsViewController.swift in Sources */,
			);
			runOnlyForDeploymentPostprocessing = 0;
		};
/* End PBXSourcesBuildPhase section */

/* Begin PBXVariantGroup section */
		34A197111ECA0D8500E37D21 /* Main.storyboard */ = {
			isa = PBXVariantGroup;
			children = (
				34A197121ECA0D8500E37D21 /* Base */,
			);
			name = Main.storyboard;
			sourceTree = "<group>";
		};
		34A197161ECA0D8500E37D21 /* LaunchScreen.storyboard */ = {
			isa = PBXVariantGroup;
			children = (
				34A197171ECA0D8500E37D21 /* Base */,
			);
			name = LaunchScreen.storyboard;
			sourceTree = "<group>";
		};
/* End PBXVariantGroup section */

/* Begin XCBuildConfiguration section */
		34A1971A1ECA0D8500E37D21 /* Debug */ = {
			isa = XCBuildConfiguration;
			buildSettings = {
				ALWAYS_SEARCH_USER_PATHS = NO;
				CLANG_ANALYZER_NONNULL = YES;
				CLANG_CXX_LANGUAGE_STANDARD = "gnu++0x";
				CLANG_CXX_LIBRARY = "libc++";
				CLANG_ENABLE_MODULES = YES;
				CLANG_ENABLE_OBJC_ARC = YES;
				CLANG_WARN_BOOL_CONVERSION = YES;
				CLANG_WARN_CONSTANT_CONVERSION = YES;
				CLANG_WARN_DIRECT_OBJC_ISA_USAGE = YES_ERROR;
				CLANG_WARN_DOCUMENTATION_COMMENTS = YES;
				CLANG_WARN_EMPTY_BODY = YES;
				CLANG_WARN_ENUM_CONVERSION = YES;
				CLANG_WARN_INFINITE_RECURSION = YES;
				CLANG_WARN_INT_CONVERSION = YES;
				CLANG_WARN_OBJC_ROOT_CLASS = YES_ERROR;
				CLANG_WARN_SUSPICIOUS_MOVE = YES;
				CLANG_WARN_UNREACHABLE_CODE = YES;
				CLANG_WARN__DUPLICATE_METHOD_MATCH = YES;
				"CODE_SIGN_IDENTITY[sdk=iphoneos*]" = "iPhone Developer";
				COPY_PHASE_STRIP = NO;
				DEBUG_INFORMATION_FORMAT = dwarf;
				ENABLE_STRICT_OBJC_MSGSEND = YES;
				ENABLE_TESTABILITY = YES;
				GCC_C_LANGUAGE_STANDARD = gnu99;
				GCC_DYNAMIC_NO_PIC = NO;
				GCC_NO_COMMON_BLOCKS = YES;
				GCC_OPTIMIZATION_LEVEL = 0;
				GCC_PREPROCESSOR_DEFINITIONS = (
					"DEBUG=1",
					"$(inherited)",
				);
				GCC_WARN_64_TO_32_BIT_CONVERSION = YES;
				GCC_WARN_ABOUT_RETURN_TYPE = YES_ERROR;
				GCC_WARN_UNDECLARED_SELECTOR = YES;
				GCC_WARN_UNINITIALIZED_AUTOS = YES_AGGRESSIVE;
				GCC_WARN_UNUSED_FUNCTION = YES;
				GCC_WARN_UNUSED_VARIABLE = YES;
				IPHONEOS_DEPLOYMENT_TARGET = 10.2;
				MTL_ENABLE_DEBUG_INFO = YES;
				ONLY_ACTIVE_ARCH = YES;
				SDKROOT = iphoneos;
				SWIFT_ACTIVE_COMPILATION_CONDITIONS = DEBUG;
				SWIFT_OPTIMIZATION_LEVEL = "-Onone";
				TARGETED_DEVICE_FAMILY = "1,2";
			};
			name = Debug;
		};
		34A1971B1ECA0D8500E37D21 /* Release */ = {
			isa = XCBuildConfiguration;
			buildSettings = {
				ALWAYS_SEARCH_USER_PATHS = NO;
				CLANG_ANALYZER_NONNULL = YES;
				CLANG_CXX_LANGUAGE_STANDARD = "gnu++0x";
				CLANG_CXX_LIBRARY = "libc++";
				CLANG_ENABLE_MODULES = YES;
				CLANG_ENABLE_OBJC_ARC = YES;
				CLANG_WARN_BOOL_CONVERSION = YES;
				CLANG_WARN_CONSTANT_CONVERSION = YES;
				CLANG_WARN_DIRECT_OBJC_ISA_USAGE = YES_ERROR;
				CLANG_WARN_DOCUMENTATION_COMMENTS = YES;
				CLANG_WARN_EMPTY_BODY = YES;
				CLANG_WARN_ENUM_CONVERSION = YES;
				CLANG_WARN_INFINITE_RECURSION = YES;
				CLANG_WARN_INT_CONVERSION = YES;
				CLANG_WARN_OBJC_ROOT_CLASS = YES_ERROR;
				CLANG_WARN_SUSPICIOUS_MOVE = YES;
				CLANG_WARN_UNREACHABLE_CODE = YES;
				CLANG_WARN__DUPLICATE_METHOD_MATCH = YES;
				"CODE_SIGN_IDENTITY[sdk=iphoneos*]" = "iPhone Developer";
				COPY_PHASE_STRIP = NO;
				DEBUG_INFORMATION_FORMAT = "dwarf-with-dsym";
				ENABLE_NS_ASSERTIONS = NO;
				ENABLE_STRICT_OBJC_MSGSEND = YES;
				GCC_C_LANGUAGE_STANDARD = gnu99;
				GCC_NO_COMMON_BLOCKS = YES;
				GCC_WARN_64_TO_32_BIT_CONVERSION = YES;
				GCC_WARN_ABOUT_RETURN_TYPE = YES_ERROR;
				GCC_WARN_UNDECLARED_SELECTOR = YES;
				GCC_WARN_UNINITIALIZED_AUTOS = YES_AGGRESSIVE;
				GCC_WARN_UNUSED_FUNCTION = YES;
				GCC_WARN_UNUSED_VARIABLE = YES;
				IPHONEOS_DEPLOYMENT_TARGET = 10.2;
				MTL_ENABLE_DEBUG_INFO = NO;
				SDKROOT = iphoneos;
				SWIFT_OPTIMIZATION_LEVEL = "-Owholemodule";
				TARGETED_DEVICE_FAMILY = "1,2";
				VALIDATE_PRODUCT = YES;
			};
			name = Release;
		};
		34A1971D1ECA0D8500E37D21 /* Debug */ = {
			isa = XCBuildConfiguration;
			buildSettings = {
				ASSETCATALOG_COMPILER_APPICON_NAME = AppIcon;
				DEVELOPMENT_TEAM = B2Q8EGNCQA;
				INFOPLIST_FILE = LeanPokemons/Info.plist;
				LD_RUNPATH_SEARCH_PATHS = "$(inherited) @executable_path/Frameworks";
				PRODUCT_BUNDLE_IDENTIFIER = com.azamsharp.LeanPokemons;
				PRODUCT_NAME = "$(TARGET_NAME)";
				SWIFT_VERSION = 3.0;
			};
			name = Debug;
		};
		34A1971E1ECA0D8500E37D21 /* Release */ = {
			isa = XCBuildConfiguration;
			buildSettings = {
				ASSETCATALOG_COMPILER_APPICON_NAME = AppIcon;
				DEVELOPMENT_TEAM = B2Q8EGNCQA;
				INFOPLIST_FILE = LeanPokemons/Info.plist;
				LD_RUNPATH_SEARCH_PATHS = "$(inherited) @executable_path/Frameworks";
				PRODUCT_BUNDLE_IDENTIFIER = com.azamsharp.LeanPokemons;
				PRODUCT_NAME = "$(TARGET_NAME)";
				SWIFT_VERSION = 3.0;
			};
			name = Release;
		};
/* End XCBuildConfiguration section */

/* Begin XCConfigurationList section */
		34A197051ECA0D8400E37D21 /* Build configuration list for PBXProject "LeanPokemons" */ = {
			isa = XCConfigurationList;
			buildConfigurations = (
				34A1971A1ECA0D8500E37D21 /* Debug */,
				34A1971B1ECA0D8500E37D21 /* Release */,
			);
			defaultConfigurationIsVisible = 0;
			defaultConfigurationName = Release;
		};
		34A1971C1ECA0D8500E37D21 /* Build configuration list for PBXNativeTarget "LeanPokemons" */ = {
			isa = XCConfigurationList;
			buildConfigurations = (
				34A1971D1ECA0D8500E37D21 /* Debug */,
				34A1971E1ECA0D8500E37D21 /* Release */,
			);
			defaultConfigurationIsVisible = 0;
			defaultConfigurationName = Release;
		};
/* End XCConfigurationList section */
	};
	rootObject = 34A197021ECA0D8400E37D21 /* Project object */;
}
